
Microsoft Visual Studio Solution File, Format Version 12.00
# Visual Studio Version 17
VisualStudioVersion = 17.13.35931.197 d17.13
MinimumVisualStudioVersion = 10.0.40219.1
Project("{FAE04EC0-301F-11D3-BF4B-00C04F79EFBC}") = "EnglishMultiApp", "EnglishMultiApp.csproj", "{FF634544-1F97-448B-8CD2-7DF3ADB9FA4D}"
EndProject
Global
	GlobalSection(SolutionConfigurationPlatforms) = preSolution
		Debug|Any CPU = Debug|Any CPU
		Release|Any CPU = Release|Any CPU
	EndGlobalSection
	GlobalSection(ProjectConfigurationPlatforms) = postSolution
		{FF634544-1F97-448B-8CD2-7DF3ADB9FA4D}.Debug|Any CPU.ActiveCfg = Debug|Any CPU
		{FF634544-1F97-448B-8CD2-7DF3ADB9FA4D}.Debug|Any CPU.Build.0 = Debug|Any CPU
		{FF634544-1F97-448B-8CD2-7DF3ADB9FA4D}.Release|Any CPU.ActiveCfg = Release|Any CPU
		{FF634544-1F97-448B-8CD2-7DF3ADB9FA4D}.Release|Any CPU.Build.0 = Release|Any CPU
	EndGlobalSection
	GlobalSection(SolutionProperties) = preSolution
		HideSolutionNode = FALSE
	EndGlobalSection
	GlobalSection(ExtensibilityGlobals) = postSolution
		SolutionGuid = {09E718DB-696C-486D-84E1-76705485A487}
	EndGlobalSection
EndGlobal
